
Microsoft Visual Studio Solution File, Format Version 12.00
# Visual Studio Version 17
VisualStudioVersion = 17.9.34616.47
MinimumVisualStudioVersion = 10.0.40219.1
Project("{FAE04EC0-301F-11D3-BF4B-00C04F79EFBC}") = "JwtToken", "JwtToken\JwtToken.csproj", "{300497CC-0B37-4657-B567-6E45D769C3CF}"
EndProject
Global
	GlobalSection(SolutionConfigurationPlatforms) = preSolution
		Debug|Any CPU = Debug|Any CPU
		Release|Any CPU = Release|Any CPU
	EndGlobalSection
	GlobalSection(ProjectConfigurationPlatforms) = postSolution
		{300497CC-0B37-4657-B567-6E45D769C3CF}.Debug|Any CPU.ActiveCfg = Debug|Any CPU
		{300497CC-0B37-4657-B567-6E45D769C3CF}.Debug|Any CPU.Build.0 = Debug|Any CPU
		{300497CC-0B37-4657-B567-6E45D769C3CF}.Release|Any CPU.ActiveCfg = Release|Any CPU
		{300497CC-0B37-4657-B567-6E45D769C3CF}.Release|Any CPU.Build.0 = Release|Any CPU
	EndGlobalSection
	GlobalSection(SolutionProperties) = preSolution
		HideSolutionNode = FALSE
	EndGlobalSection
	GlobalSection(ExtensibilityGlobals) = postSolution
		SolutionGuid = {D56B74B0-F4B5-4627-8B29-57F6ECC1F0EA}
	EndGlobalSection
EndGlobal
